
Microsoft Visual Studio Solution File, Format Version 12.00
# Visual Studio Version 16
VisualStudioVersion = 16.0.31727.386
MinimumVisualStudioVersion = 10.0.40219.1
Project("{8BC9CEB8-8B4A-11D0-8D11-00A0C91BC942}") = "Project2", "Project2.vcxproj", "{FB150F7F-076F-405E-B373-2254C0B0480A}"
EndProject
Global
	GlobalSection(SolutionConfigurationPlatforms) = preSolution
		Debug|x64 = Debug|x64
		Debug|x86 = Debug|x86
		Release|x64 = Release|x64
		Release|x86 = Release|x86
	EndGlobalSection
	GlobalSection(ProjectConfigurationPlatforms) = postSolution
		{FB150F7F-076F-405E-B373-2254C0B0480A}.Debug|x64.ActiveCfg = Debug|x64
		{FB150F7F-076F-405E-B373-2254C0B0480A}.Debug|x64.Build.0 = Debug|x64
		{FB150F7F-076F-405E-B373-2254C0B0480A}.Debug|x86.ActiveCfg = Debug|Win32
		{FB150F7F-076F-405E-B373-2254C0B0480A}.Debug|x86.Build.0 = Debug|Win32
		{FB150F7F-076F-405E-B373-2254C0B0480A}.Release|x64.ActiveCfg = Release|x64
		{FB150F7F-076F-405E-B373-2254C0B0480A}.Release|x64.Build.0 = Release|x64
		{FB150F7F-076F-405E-B373-2254C0B0480A}.Release|x86.ActiveCfg = Release|Win32
		{FB150F7F-076F-405E-B373-2254C0B0480A}.Release|x86.Build.0 = Release|Win32
	EndGlobalSection
	GlobalSection(SolutionProperties) = preSolution
		HideSolutionNode = FALSE
	EndGlobalSection
	GlobalSection(ExtensibilityGlobals) = postSolution
		SolutionGuid = {36229210-7858-4877-AB1B-0E18FBACD980}
	EndGlobalSection
EndGlobal
